
Microsoft Visual Studio Solution File, Format Version 12.00
# Visual Studio Version 16
VisualStudioVersion = 16.0.31624.102
MinimumVisualStudioVersion = 10.0.40219.1
Project("{FAE04EC0-301F-11D3-BF4B-00C04F79EFBC}") = "Individuellt Projekt", "Individuellt Projekt\Individuellt Projekt.csproj", "{0598DC6F-0B8E-4AA8-806A-1FAC382D1645}"
EndProject
Global
	GlobalSection(SolutionConfigurationPlatforms) = preSolution
		Debug|Any CPU = Debug|Any CPU
		Release|Any CPU = Release|Any CPU
	EndGlobalSection
	GlobalSection(ProjectConfigurationPlatforms) = postSolution
		{0598DC6F-0B8E-4AA8-806A-1FAC382D1645}.Debug|Any CPU.ActiveCfg = Debug|Any CPU
		{0598DC6F-0B8E-4AA8-806A-1FAC382D1645}.Debug|Any CPU.Build.0 = Debug|Any CPU
		{0598DC6F-0B8E-4AA8-806A-1FAC382D1645}.Release|Any CPU.ActiveCfg = Release|Any CPU
		{0598DC6F-0B8E-4AA8-806A-1FAC382D1645}.Release|Any CPU.Build.0 = Release|Any CPU
	EndGlobalSection
	GlobalSection(SolutionProperties) = preSolution
		HideSolutionNode = FALSE
	EndGlobalSection
	GlobalSection(ExtensibilityGlobals) = postSolution
		SolutionGuid = {7EDC2096-D023-47E1-9682-FC12A9EB7635}
	EndGlobalSection
EndGlobal
